
Microsoft Visual Studio Solution File, Format Version 12.00
# Visual Studio 15
VisualStudioVersion = 15.0.27130.2027
MinimumVisualStudioVersion = 10.0.40219.1
Project("{FAE04EC0-301F-11D3-BF4B-00C04F79EFBC}") = "oneRepMaxCalculator", "oneRepMaxCalculator\oneRepMaxCalculator.csproj", "{9E1A50D7-0DD0-4F63-8CE6-6634FE30A310}"
EndProject
Global
	GlobalSection(SolutionConfigurationPlatforms) = preSolution
		Debug|Any CPU = Debug|Any CPU
		Release|Any CPU = Release|Any CPU
	EndGlobalSection
	GlobalSection(ProjectConfigurationPlatforms) = postSolution
		{9E1A50D7-0DD0-4F63-8CE6-6634FE30A310}.Debug|Any CPU.ActiveCfg = Debug|Any CPU
		{9E1A50D7-0DD0-4F63-8CE6-6634FE30A310}.Debug|Any CPU.Build.0 = Debug|Any CPU
		{9E1A50D7-0DD0-4F63-8CE6-6634FE30A310}.Release|Any CPU.ActiveCfg = Release|Any CPU
		{9E1A50D7-0DD0-4F63-8CE6-6634FE30A310}.Release|Any CPU.Build.0 = Release|Any CPU
	EndGlobalSection
	GlobalSection(SolutionProperties) = preSolution
		HideSolutionNode = FALSE
	EndGlobalSection
	GlobalSection(ExtensibilityGlobals) = postSolution
		SolutionGuid = {E02A8FBE-5464-4C34-B62B-B2D0542FE7B3}
	EndGlobalSection
EndGlobal
